
Microsoft Visual Studio Solution File, Format Version 12.00
# Visual Studio Version 16
VisualStudioVersion = 16.0.31205.134
MinimumVisualStudioVersion = 10.0.40219.1
Project("{FAE04EC0-301F-11D3-BF4B-00C04F79EFBC}") = "SelfCheckoutMachine", "WebApplication1\SelfCheckoutMachine.csproj", "{77A31624-D305-4E2D-A081-1947EF6E0908}"
EndProject
Project("{FAE04EC0-301F-11D3-BF4B-00C04F79EFBC}") = "TestProject1", "TestProject1\TestProject1.csproj", "{18F76595-BAA5-4719-B22F-B6DC8FCD7E9B}"
EndProject
Global
	GlobalSection(SolutionConfigurationPlatforms) = preSolution
		Debug|Any CPU = Debug|Any CPU
		Release|Any CPU = Release|Any CPU
	EndGlobalSection
	GlobalSection(ProjectConfigurationPlatforms) = postSolution
		{77A31624-D305-4E2D-A081-1947EF6E0908}.Debug|Any CPU.ActiveCfg = Debug|Any CPU
		{77A31624-D305-4E2D-A081-1947EF6E0908}.Debug|Any CPU.Build.0 = Debug|Any CPU
		{77A31624-D305-4E2D-A081-1947EF6E0908}.Release|Any CPU.ActiveCfg = Release|Any CPU
		{77A31624-D305-4E2D-A081-1947EF6E0908}.Release|Any CPU.Build.0 = Release|Any CPU
		{18F76595-BAA5-4719-B22F-B6DC8FCD7E9B}.Debug|Any CPU.ActiveCfg = Debug|Any CPU
		{18F76595-BAA5-4719-B22F-B6DC8FCD7E9B}.Debug|Any CPU.Build.0 = Debug|Any CPU
		{18F76595-BAA5-4719-B22F-B6DC8FCD7E9B}.Release|Any CPU.ActiveCfg = Release|Any CPU
		{18F76595-BAA5-4719-B22F-B6DC8FCD7E9B}.Release|Any CPU.Build.0 = Release|Any CPU
	EndGlobalSection
	GlobalSection(SolutionProperties) = preSolution
		HideSolutionNode = FALSE
	EndGlobalSection
	GlobalSection(ExtensibilityGlobals) = postSolution
		SolutionGuid = {124E2A9F-7FAE-4A3B-9FA8-1CE492D045FC}
	EndGlobalSection
EndGlobal
